Microsoft Visual Studio Solution File, Format Version 12.00
# Visual Studio Version 17
VisualStudioVersion = 17.5.2.0
MinimumVisualStudioVersion = 10.0.40219.1
Project("{FAE04EC0-301F-11D3-BF4B-00C04F79EFBC}") = "web-panel-app", "web-panel-app.csproj", "{12C33288-A6FC-B64F-1DBF-ACCA22830125}"
EndProject
Global
	GlobalSection(SolutionConfigurationPlatforms) = preSolution
		Debug|Any CPU = Debug|Any CPU
		Release|Any CPU = Release|Any CPU
	EndGlobalSection
	GlobalSection(ProjectConfigurationPlatforms) = postSolution
		{12C33288-A6FC-B64F-1DBF-ACCA22830125}.Debug|Any CPU.ActiveCfg = Debug|Any CPU
		{12C33288-A6FC-B64F-1DBF-ACCA22830125}.Debug|Any CPU.Build.0 = Debug|Any CPU
		{12C33288-A6FC-B64F-1DBF-ACCA22830125}.Release|Any CPU.ActiveCfg = Release|Any CPU
		{12C33288-A6FC-B64F-1DBF-ACCA22830125}.Release|Any CPU.Build.0 = Release|Any CPU
	EndGlobalSection
	GlobalSection(SolutionProperties) = preSolution
		HideSolutionNode = FALSE
	EndGlobalSection
	GlobalSection(ExtensibilityGlobals) = postSolution
		SolutionGuid = {7B7B3DB6-9C31-42CF-9EE0-A6FCB8FF3D37}
	EndGlobalSection
EndGlobal
